// !$*UTF8*$!
{
	archiveVersion = 1;
	classes = {
	};
	objectVersion = 46;
	objects = {

/* Begin PBXBuildFile section */
		C9E1515D1B7A9A3F00E1733C /* AppDelegate.swift in Sources */ = {isa = PBXBuildFile; fileRef = C9E1515C1B7A9A3F00E1733C /* AppDelegate.swift */; };
		C9E1515F1B7A9A3F00E1733C /* ViewController.swift in Sources */ = {isa = PBXBuildFile; fileRef = C9E1515E1B7A9A3F00E1733C /* ViewController.swift */; };
		C9E151621B7A9A3F00E1733C /* Main.storyboard in Resources */ = {isa = PBXBuildFile; fileRef = C9E151601B7A9A3F00E1733C /* Main.storyboard */; };
		C9E151641B7A9A3F00E1733C /* Images.xcassets in Resources */ = {isa = PBXBuildFile; fileRef = C9E151631B7A9A3F00E1733C /* Images.xcassets */; };
		C9E151671B7A9A3F00E1733C /* LaunchScreen.xib in Resources */ = {isa = PBXBuildFile; fileRef = C9E151651B7A9A3F00E1733C /* LaunchScreen.xib */; };
		C9E151731B7A9A3F00E1733C /* Swift_TableViewTests.swift in Sources */ = {isa = PBXBuildFile; fileRef = C9E151721B7A9A3F00E1733C /* Swift_TableViewTests.swift */; };
/* End PBXBuildFile section */

/* Begin PBXContainerItemProxy section */
		C9E1516D1B7A9A3F00E1733C /* PBXContainerItemProxy */ = {
			isa = PBXContainerItemProxy;
			containerPortal = C9E1514F1B7A9A3F00E1733C /* Project object */;
			proxyType = 1;
			remoteGlobalIDString = C9E151561B7A9A3F00E1733C;
			remoteInfo = "Swift TableView";
		};
/* End PBXContainerItemProxy section */

/* Begin PBXFileReference section */
		C9E151571B7A9A3F00E1733C /* Swift TableView.app */ = {isa = PBXFileReference; explicitFileType = wrapper.application; includeInIndex = 0; path = "Swift TableView.app"; sourceTree = BUILT_PRODUCTS_DIR; };
		C9E1515B1B7A9A3F00E1733C /* Info.plist */ = {isa = PBXFileReference; lastKnownFileType = text.plist.xml; path = Info.plist; sourceTree = "<group>"; };
		C9E1515C1B7A9A3F00E1733C /* AppDelegate.swift */ = {isa = PBXFileReference; lastKnownFileType = sourcecode.swift; path = AppDelegate.swift; sourceTree = "<group>"; };
		C9E1515E1B7A9A3F00E1733C /* ViewController.swift */ = {isa = PBXFileReference; lastKnownFileType = sourcecode.swift; path = ViewController.swift; sourceTree = "<group>"; };
		C9E151611B7A9A3F00E1733C /* Base */ = {isa = PBXFileReference; lastKnownFileType = file.storyboard; name = Base; path = Base.lproj/Main.storyboard; sourceTree = "<group>"; };
		C9E151631B7A9A3F00E1733C /* Images.xcassets */ = {isa = PBXFileReference; lastKnownFileType = folder.assetcatalog; path = Images.xcassets; sourceTree = "<group>"; };
		C9E151661B7A9A3F00E1733C /* Base */ = {isa = PBXFileReference; lastKnownFileType = file.xib; name = Base; path = Base.lproj/LaunchScreen.xib; sourceTree = "<group>"; };
		C9E1516C1B7A9A3F00E1733C /* Swift TableViewTests.xctest */ = {isa = PBXFileReference; explicitFileType = wrapper.cfbundle; includeInIndex = 0; path = "Swift TableViewTests.xctest"; sourceTree = BUILT_PRODUCTS_DIR; };
		C9E151711B7A9A3F00E1733C /* Info.plist */ = {isa = PBXFileReference; lastKnownFileType = text.plist.xml; path = Info.plist; sourceTree = "<group>"; };
		C9E151721B7A9A3F00E1733C /* Swift_TableViewTests.swift */ = {isa = PBXFileReference; lastKnownFileType = sourcecode.swift; path = Swift_TableViewTests.swift; sourceTree = "<group>"; };
/* End PBXFileReference section */

/* Begin PBXFrameworksBuildPhase section */
		C9E151541B7A9A3F00E1733C /* Frameworks */ = {
			isa = PBXFrameworksBuildPhase;
			buildActionMask = 2147483647;
			files = (
			);
			runOnlyForDeploymentPostprocessing = 0;
		};
		C9E151691B7A9A3F00E1733C /* Frameworks */ = {
			isa = PBXFrameworksBuildPhase;
			buildActionMask = 2147483647;
			files = (
			);
			runOnlyForDeploymentPostprocessing = 0;
		};
/* End PBXFrameworksBuildPhase section */

/* Begin PBXGroup section */
		C9E1514E1B7A9A3F00E1733C = {
			isa = PBXGroup;
			children = (
				C9E151591B7A9A3F00E1733C /* Swift TableView */,
				C9E1516F1B7A9A3F00E1733C /* Swift TableViewTests */,
				C9E151581B7A9A3F00E1733C /* Products */,
			);
			sourceTree = "<group>";
		};
		C9E151581B7A9A3F00E1733C /* Products */ = {
			isa = PBXGroup;
			children = (
				C9E151571B7A9A3F00E1733C /* Swift TableView.app */,
				C9E1516C1B7A9A3F00E1733C /* Swift TableViewTests.xctest */,
			);
			name = Products;
			sourceTree = "<group>";
		};
		C9E151591B7A9A3F00E1733C /* Swift TableView */ = {
			isa = PBXGroup;
			children = (
				C9E1515C1B7A9A3F00E1733C /* AppDelegate.swift */,
				C9E1515E1B7A9A3F00E1733C /* ViewController.swift */,
				C9E151601B7A9A3F00E1733C /* Main.storyboard */,
				C9E151631B7A9A3F00E1733C /* Images.xcassets */,
				C9E151651B7A9A3F00E1733C /* LaunchScreen.xib */,
				C9E1515A1B7A9A3F00E1733C /* Supporting Files */,
			);
			path = "Swift TableView";
			sourceTree = "<group>";
		};
		C9E1515A1B7A9A3F00E1733C /* Supporting Files */ = {
			isa = PBXGroup;
			children = (
				C9E1515B1B7A9A3F00E1733C /* Info.plist */,
			);
			name = "Supporting Files";
			sourceTree = "<group>";
		};
		C9E1516F1B7A9A3F00E1733C /* Swift TableViewTests */ = {
			isa = PBXGroup;
			children = (
				C9E151721B7A9A3F00E1733C /* Swift_TableViewTests.swift */,
				C9E151701B7A9A3F00E1733C /* Supporting Files */,
			);
			path = "Swift TableViewTests";
			sourceTree = "<group>";
		};
		C9E151701B7A9A3F00E1733C /* Supporting Files */ = {
			isa = PBXGroup;
			children = (
				C9E151711B7A9A3F00E1733C /* Info.plist */,
			);
			name = "Supporting Files";
			sourceTree = "<group>";
		};
/* End PBXGroup section */

/* Begin PBXNativeTarget section */
		C9E151561B7A9A3F00E1733C /* Swift TableView */ = {
			isa = PBXNativeTarget;
			buildConfigurationList = C9E151761B7A9A3F00E1733C /* Build configuration list for PBXNativeTarget "Swift TableView" */;
			buildPhases = (
				C9E151531B7A9A3F00E1733C /* Sources */,
				C9E151541B7A9A3F00E1733C /* Frameworks */,
				C9E151551B7A9A3F00E1733C /* Resources */,
			);
			buildRules = (
			);
			dependencies = (
			);
			name = "Swift TableView";
			productName = "Swift TableView";
			productReference = C9E151571B7A9A3F00E1733C /* Swift TableView.app */;
			productType = "com.apple.product-type.application";
		};
		C9E1516B1B7A9A3F00E1733C /* Swift TableViewTests */ = {
			isa = PBXNativeTarget;
			buildConfigurationList = C9E151791B7A9A3F00E1733C /* Build configuration list for PBXNativeTarget "Swift TableViewTests" */;
			buildPhases = (
				C9E151681B7A9A3F00E1733C /* Sources */,
				C9E151691B7A9A3F00E1733C /* Frameworks */,
				C9E1516A1B7A9A3F00E1733C /* Resources */,
			);
			buildRules = (
			);
			dependencies = (
				C9E1516E1B7A9A3F00E1733C /* PBXTargetDependency */,
			);
			name = "Swift TableViewTests";
			productName = "Swift TableViewTests";
			productReference = C9E1516C1B7A9A3F00E1733C /* Swift TableViewTests.xctest */;
			productType = "com.apple.product-type.bundle.unit-test";
		};
/* End PBXNativeTarget section */

/* Begin PBXProject section */
		C9E1514F1B7A9A3F00E1733C /* Project object */ = {
			isa = PBXProject;
			attributes = {
				LastUpgradeCheck = 0640;
				ORGANIZATIONNAME = "Gowrie Sammandhamoorthy";
				TargetAttributes = {
					C9E151561B7A9A3F00E1733C = {
						CreatedOnToolsVersion = 6.4;
					};
					C9E1516B1B7A9A3F00E1733C = {
						CreatedOnToolsVersion = 6.4;
						TestTargetID = C9E151561B7A9A3F00E1733C;
					};
				};
			};
			buildConfigurationList = C9E151521B7A9A3F00E1733C /* Build configuration list for PBXProject "Swift TableView" */;
			compatibilityVersion = "Xcode 3.2";
			developmentRegion = English;
			hasScannedForEncodings = 0;
			knownRegions = (
				en,
				Base,
			);
			mainGroup = C9E1514E1B7A9A3F00E1733C;
			productRefGroup = C9E151581B7A9A3F00E1733C /* Products */;
			projectDirPath = "";
			projectRoot = "";
			targets = (
				C9E151561B7A9A3F00E1733C /* Swift TableView */,
				C9E1516B1B7A9A3F00E1733C /* Swift TableViewTests */,
			);
		};
/* End PBXProject section */

/* Begin PBXResourcesBuildPhase section */
		C9E151551B7A9A3F00E1733C /* Resources */ = {
			isa = PBXResourcesBuildPhase;
			buildActionMask = 2147483647;
			files = (
				C9E151621B7A9A3F00E1733C /* Main.storyboard in Resources */,
				C9E151671B7A9A3F00E1733C /* LaunchScreen.xib in Resources */,
				C9E151641B7A9A3F00E1733C /* Images.xcassets in Resources */,
			);
			runOnlyForDeploymentPostprocessing = 0;
		};
		C9E1516A1B7A9A3F00E1733C /* Resources */ = {
			isa = PBXResourcesBuildPhase;
			buildActionMask = 2147483647;
			files = (
			);
			runOnlyForDeploymentPostprocessing = 0;
		};
/* End PBXResourcesBuildPhase section */

/* Begin PBXSourcesBuildPhase section */
		C9E151531B7A9A3F00E1733C /* Sources */ = {
			isa = PBXSourcesBuildPhase;
			buildActionMask = 2147483647;
			files = (
				C9E1515F1B7A9A3F00E1733C /* ViewController.swift in Sources */,
				C9E1515D1B7A9A3F00E1733C /* AppDelegate.swift in Sources */,
			);
			runOnlyForDeploymentPostprocessing = 0;
		};
		C9E151681B7A9A3F00E1733C /* Sources */ = {
			isa = PBXSourcesBuildPhase;
			buildActionMask = 2147483647;
			files = (
				C9E151731B7A9A3F00E1733C /* Swift_TableViewTests.swift in Sources */,
			);
			runOnlyForDeploymentPostprocessing = 0;
		};
/* End PBXSourcesBuildPhase section */

/* Begin PBXTargetDependency section */
		C9E1516E1B7A9A3F00E1733C /* PBXTargetDependency */ = {
			isa = PBXTargetDependency;
			target = C9E151561B7A9A3F00E1733C /* Swift TableView */;
			targetProxy = C9E1516D1B7A9A3F00E1733C /* PBXContainerItemProxy */;
		};
/* End PBXTargetDependency section */

/* Begin PBXVariantGroup section */
		C9E151601B7A9A3F00E1733C /* Main.storyboard */ = {
			isa = PBXVariantGroup;
			children = (
				C9E151611B7A9A3F00E1733C /* Base */,
			);
			name = Main.storyboard;
			sourceTree = "<group>";
		};
		C9E151651B7A9A3F00E1733C /* LaunchScreen.xib */ = {
			isa = PBXVariantGroup;
			children = (
				C9E151661B7A9A3F00E1733C /* Base */,
			);
			name = LaunchScreen.xib;
			sourceTree = "<group>";
		};
/* End PBXVariantGroup section */

/* Begin XCBuildConfiguration section */
		C9E151741B7A9A3F00E1733C /* Debug */ = {
			isa = XCBuildConfiguration;
			buildSettings = {
				ALWAYS_SEARCH_USER_PATHS = NO;
				CLANG_CXX_LANGUAGE_STANDARD = "gnu++0x";
				CLANG_CXX_LIBRARY = "libc++";
				CLANG_ENABLE_MODULES = YES;
				CLANG_ENABLE_OBJC_ARC = YES;
				CLANG_WARN_BOOL_CONVERSION = YES;
				CLANG_WARN_CONSTANT_CONVERSION = YES;
				CLANG_WARN_DIRECT_OBJC_ISA_USAGE = YES_ERROR;
				CLANG_WARN_EMPTY_BODY = YES;
				CLANG_WARN_ENUM_CONVERSION = YES;
				CLANG_WARN_INT_CONVERSION = YES;
				CLANG_WARN_OBJC_ROOT_CLASS = YES_ERROR;
				CLANG_WARN_UNREACHABLE_CODE = YES;
				CLANG_WARN__DUPLICATE_METHOD_MATCH = YES;
				"CODE_SIGN_IDENTITY[sdk=iphoneos*]" = "iPhone Developer";
				COPY_PHASE_STRIP = NO;
				DEBUG_INFORMATION_FORMAT = "dwarf-with-dsym";
				ENABLE_STRICT_OBJC_MSGSEND = YES;
				GCC_C_LANGUAGE_STANDARD = gnu99;
				GCC_DYNAMIC_NO_PIC = NO;
				GCC_NO_COMMON_BLOCKS = YES;
				GCC_OPTIMIZATION_LEVEL = 0;
				GCC_PREPROCESSOR_DEFINITIONS = (
					"DEBUG=1",
					"$(inherited)",
				);
				GCC_SYMBOLS_PRIVATE_EXTERN = NO;
				GCC_WARN_64_TO_32_BIT_CONVERSION = YES;
				GCC_WARN_ABOUT_RETURN_TYPE = YES_ERROR;
				GCC_WARN_UNDECLARED_SELECTOR = YES;
				GCC_WARN_UNINITIALIZED_AUTOS = YES_AGGRESSIVE;
				GCC_WARN_UNUSED_FUNCTION = YES;
				GCC_WARN_UNUSED_VARIABLE = YES;
				IPHONEOS_DEPLOYMENT_TARGET = 8.4;
				MTL_ENABLE_DEBUG_INFO = YES;
				ONLY_ACTIVE_ARCH = YES;
				SDKROOT = iphoneos;
				SWIFT_OPTIMIZATION_LEVEL = "-Onone";
			};
			name = Debug;
		};
		C9E151751B7A9A3F00E1733C /* Release */ = {
			isa = XCBuildConfiguration;
			buildSettings = {
				ALWAYS_SEARCH_USER_PATHS = NO;
				CLANG_CXX_LANGUAGE_STANDARD = "gnu++0x";
				CLANG_CXX_LIBRARY = "libc++";
				CLANG_ENABLE_MODULES = YES;
				CLANG_ENABLE_OBJC_ARC = YES;
				CLANG_WARN_BOOL_CONVERSION = YES;
				CLANG_WARN_CONSTANT_CONVERSION = YES;
				CLANG_WARN_DIRECT_OBJC_ISA_USAGE = YES_ERROR;
				CLANG_WARN_EMPTY_BODY = YES;
				CLANG_WARN_ENUM_CONVERSION = YES;
				CLANG_WARN_INT_CONVERSION = YES;
				CLANG_WARN_OBJC_ROOT_CLASS = YES_ERROR;
				CLANG_WARN_UNREACHABLE_CODE = YES;
				CLANG_WARN__DUPLICATE_METHOD_MATCH = YES;
				"CODE_SIGN_IDENTITY[sdk=iphoneos*]" = "iPhone Developer";
				COPY_PHASE_STRIP = NO;
				DEBUG_INFORMATION_FORMAT = "dwarf-with-dsym";
				ENABLE_NS_ASSERTIONS = NO;
				ENABLE_STRICT_OBJC_MSGSEND = YES;
				GCC_C_LANGUAGE_STANDARD = gnu99;
				GCC_NO_COMMON_BLOCKS = YES;
				GCC_WARN_64_TO_32_BIT_CONVERSION = YES;
				GCC_WARN_ABOUT_RETURN_TYPE = YES_ERROR;
				GCC_WARN_UNDECLARED_SELECTOR = YES;
				GCC_WARN_UNINITIALIZED_AUTOS = YES_AGGRESSIVE;
				GCC_WARN_UNUSED_FUNCTION = YES;
				GCC_WARN_UNUSED_VARIABLE = YES;
				IPHONEOS_DEPLOYMENT_TARGET = 8.4;
				MTL_ENABLE_DEBUG_INFO = NO;
				SDKROOT = iphoneos;
				VALIDATE_PRODUCT = YES;
			};
			name = Release;
		};
		C9E151771B7A9A3F00E1733C /* Debug */ = {
			isa = XCBuildConfiguration;
			buildSettings = {
				ASSETCATALOG_COMPILER_APPICON_NAME = AppIcon;
				INFOPLIST_FILE = "Swift TableView/Info.plist";
				LD_RUNPATH_SEARCH_PATHS = "$(inherited) @executable_path/Frameworks";
				PRODUCT_NAME = "$(TARGET_NAME)";
			};
			name = Debug;
		};
		C9E151781B7A9A3F00E1733C /* Release */ = {
			isa = XCBuildConfiguration;
			buildSettings = {
				ASSETCATALOG_COMPILER_APPICON_NAME = AppIcon;
				INFOPLIST_FILE = "Swift TableView/Info.plist";
				LD_RUNPATH_SEARCH_PATHS = "$(inherited) @executable_path/Frameworks";
				PRODUCT_NAME = "$(TARGET_NAME)";
			};
			name = Release;
		};
		C9E1517A1B7A9A3F00E1733C /* Debug */ = {
			isa = XCBuildConfiguration;
			buildSettings = {
				BUNDLE_LOADER = "$(TEST_HOST)";
				FRAMEWORK_SEARCH_PATHS = (
					"$(SDKROOT)/Developer/Library/Frameworks",
					"$(inherited)",
				);
				GCC_PREPROCESSOR_DEFINITIONS = (
					"DEBUG=1",
					"$(inherited)",
				);
				INFOPLIST_FILE = "Swift TableViewTests/Info.plist";
				LD_RUNPATH_SEARCH_PATHS = "$(inherited) @executable_path/Frameworks @loader_path/Frameworks";
				PRODUCT_NAME = "$(TARGET_NAME)";
				TEST_HOST = "$(BUILT_PRODUCTS_DIR)/Swift TableView.app/Swift TableView";
			};
			name = Debug;
		};
		C9E1517B1B7A9A3F00E1733C /* Release */ = {
			isa = XCBuildConfiguration;
			buildSettings = {
				BUNDLE_LOADER = "$(TEST_HOST)";
				FRAMEWORK_SEARCH_PATHS = (
					"$(SDKROOT)/Developer/Library/Frameworks",
					"$(inherited)",
				);
				INFOPLIST_FILE = "Swift TableViewTests/Info.plist";
				LD_RUNPATH_SEARCH_PATHS = "$(inherited) @executable_path/Frameworks @loader_path/Frameworks";
				PRODUCT_NAME = "$(TARGET_NAME)";
				TEST_HOST = "$(BUILT_PRODUCTS_DIR)/Swift TableView.app/Swift TableView";
			};
			name = Release;
		};
/* End XCBuildConfiguration section */

/* Begin XCConfigurationList section */
		C9E151521B7A9A3F00E1733C /* Build configuration list for PBXProject "Swift TableView" */ = {
			isa = XCConfigurationList;
			buildConfigurations = (
				C9E151741B7A9A3F00E1733C /* Debug */,
				C9E151751B7A9A3F00E1733C /* Release */,
			);
			defaultConfigurationIsVisible = 0;
			defaultConfigurationName = Release;
		};
		C9E151761B7A9A3F00E1733C /* Build configuration list for PBXNativeTarget "Swift TableView" */ = {
			isa = XCConfigurationList;
			buildConfigurations = (
				C9E151771B7A9A3F00E1733C /* Debug */,
				C9E151781B7A9A3F00E1733C /* Release */,
			);
			defaultConfigurationIsVisible = 0;
		};
		C9E151791B7A9A3F00E1733C /* Build configuration list for PBXNativeTarget "Swift TableViewTests" */ = {
			isa = XCConfigurationList;
			buildConfigurations = (
				C9E1517A1B7A9A3F00E1733C /* Debug */,
				C9E1517B1B7A9A3F00E1733C /* Release */,
			);
			defaultConfigurationIsVisible = 0;
		};
/* End XCConfigurationList section */
	};
	rootObject = C9E1514F1B7A9A3F00E1733C /* Project object */;
}
